
Microsoft Visual Studio Solution File, Format Version 12.00
# Visual Studio Version 16
VisualStudioVersion = 16.0.32413.511
MinimumVisualStudioVersion = 10.0.40219.1
Project("{FAE04EC0-301F-11D3-BF4B-00C04F79EFBC}") = "OceanSimulator", "OceanSimulator.csproj", "{732181A2-72EB-4EF6-99EF-6199560412C3}"
EndProject
Project("{FAE04EC0-301F-11D3-BF4B-00C04F79EFBC}") = "OceanLib", "..\OceanLib\OceanLib.csproj", "{6B0306F1-14FC-4BF4-B699-0F9C8E742233}"
EndProject
Project("{FAE04EC0-301F-11D3-BF4B-00C04F79EFBC}") = "OceanSimulator (WinForms)", "..\OceanSimulator (WinForms)\OceanSimulator (WinForms).csproj", "{7CE319CD-6548-4269-86E5-A61F190E4DE9}"
EndProject
Global
	GlobalSection(SolutionConfigurationPlatforms) = preSolution
		Debug|Any CPU = Debug|Any CPU
		Release|Any CPU = Release|Any CPU
	EndGlobalSection
	GlobalSection(ProjectConfigurationPlatforms) = postSolution
		{732181A2-72EB-4EF6-99EF-6199560412C3}.Debug|Any CPU.ActiveCfg = Debug|Any CPU
		{732181A2-72EB-4EF6-99EF-6199560412C3}.Debug|Any CPU.Build.0 = Debug|Any CPU
		{732181A2-72EB-4EF6-99EF-6199560412C3}.Release|Any CPU.ActiveCfg = Release|Any CPU
		{732181A2-72EB-4EF6-99EF-6199560412C3}.Release|Any CPU.Build.0 = Release|Any CPU
		{6B0306F1-14FC-4BF4-B699-0F9C8E742233}.Debug|Any CPU.ActiveCfg = Debug|Any CPU
		{6B0306F1-14FC-4BF4-B699-0F9C8E742233}.Debug|Any CPU.Build.0 = Debug|Any CPU
		{6B0306F1-14FC-4BF4-B699-0F9C8E742233}.Release|Any CPU.ActiveCfg = Release|Any CPU
		{6B0306F1-14FC-4BF4-B699-0F9C8E742233}.Release|Any CPU.Build.0 = Release|Any CPU
		{7CE319CD-6548-4269-86E5-A61F190E4DE9}.Debug|Any CPU.ActiveCfg = Debug|Any CPU
		{7CE319CD-6548-4269-86E5-A61F190E4DE9}.Debug|Any CPU.Build.0 = Debug|Any CPU
		{7CE319CD-6548-4269-86E5-A61F190E4DE9}.Release|Any CPU.ActiveCfg = Release|Any CPU
		{7CE319CD-6548-4269-86E5-A61F190E4DE9}.Release|Any CPU.Build.0 = Release|Any CPU
	EndGlobalSection
	GlobalSection(SolutionProperties) = preSolution
		HideSolutionNode = FALSE
	EndGlobalSection
	GlobalSection(ExtensibilityGlobals) = postSolution
		SolutionGuid = {E98D3E35-D0FB-4C55-9451-8F960829FF55}
	EndGlobalSection
EndGlobal
